
Microsoft Visual Studio Solution File, Format Version 12.00
# Visual Studio Version 16
VisualStudioVersion = 16.0.30907.101
MinimumVisualStudioVersion = 10.0.40219.1
Project("{FAE04EC0-301F-11D3-BF4B-00C04F79EFBC}") = "TrackBar kontrola", "TrackBar kontrola\TrackBar kontrola.csproj", "{DC5D8DB2-7D05-44D9-B932-CD151FE13F5B}"
EndProject
Global
	GlobalSection(SolutionConfigurationPlatforms) = preSolution
		Debug|Any CPU = Debug|Any CPU
		Release|Any CPU = Release|Any CPU
	EndGlobalSection
	GlobalSection(ProjectConfigurationPlatforms) = postSolution
		{DC5D8DB2-7D05-44D9-B932-CD151FE13F5B}.Debug|Any CPU.ActiveCfg = Debug|Any CPU
		{DC5D8DB2-7D05-44D9-B932-CD151FE13F5B}.Debug|Any CPU.Build.0 = Debug|Any CPU
		{DC5D8DB2-7D05-44D9-B932-CD151FE13F5B}.Release|Any CPU.ActiveCfg = Release|Any CPU
		{DC5D8DB2-7D05-44D9-B932-CD151FE13F5B}.Release|Any CPU.Build.0 = Release|Any CPU
	EndGlobalSection
	GlobalSection(SolutionProperties) = preSolution
		HideSolutionNode = FALSE
	EndGlobalSection
	GlobalSection(ExtensibilityGlobals) = postSolution
		SolutionGuid = {331700B7-0466-4E22-8403-F8F1FE596E25}
	EndGlobalSection
EndGlobal
